
Microsoft Visual Studio Solution File, Format Version 12.00
# Visual Studio Version 17
VisualStudioVersion = 17.13.35931.197
MinimumVisualStudioVersion = 10.0.40219.1
Project("{FAE04EC0-301F-11D3-BF4B-00C04F79EFBC}") = "Inventory-Project", "Inventory-Project.csproj", "{A078E798-F8E2-493C-B069-225020CA7D6D}"
EndProject
Global
	GlobalSection(SolutionConfigurationPlatforms) = preSolution
		Debug|Any CPU = Debug|Any CPU
		Release|Any CPU = Release|Any CPU
	EndGlobalSection
	GlobalSection(ProjectConfigurationPlatforms) = postSolution
		{A078E798-F8E2-493C-B069-225020CA7D6D}.Debug|Any CPU.ActiveCfg = Debug|Any CPU
		{A078E798-F8E2-493C-B069-225020CA7D6D}.Debug|Any CPU.Build.0 = Debug|Any CPU
		{A078E798-F8E2-493C-B069-225020CA7D6D}.Release|Any CPU.ActiveCfg = Release|Any CPU
		{A078E798-F8E2-493C-B069-225020CA7D6D}.Release|Any CPU.Build.0 = Release|Any CPU
	EndGlobalSection
	GlobalSection(SolutionProperties) = preSolution
		HideSolutionNode = FALSE
	EndGlobalSection
	GlobalSection(ExtensibilityGlobals) = postSolution
		SolutionGuid = {6F7941AD-A5F6-4D49-A051-B3BFF6608418}
	EndGlobalSection
EndGlobal
